
Microsoft Visual Studio Solution File, Format Version 12.00
# Visual Studio Version 16
VisualStudioVersion = 16.0.30907.101
MinimumVisualStudioVersion = 10.0.40219.1
Project("{9A19103F-16F7-4668-BE54-9A1E7A4F7556}") = "RestaurantAPI", "RestaturantAPI\RestaurantAPI.csproj", "{09AB8F99-A6E8-47A7-9C9C-295E70CA70EC}"
EndProject
Project("{2150E333-8FDC-42A3-9474-1A3956D46DE8}") = "RestaturantManagment", "RestaturantManagment", "{9BB4DEDD-9DF9-4DC6-9B7D-CD33D6606C36}"
EndProject
Project("{2150E333-8FDC-42A3-9474-1A3956D46DE8}") = "Restaurant", "Restaurant", "{C0941FE3-FC24-4F4A-9DAD-D0734FA78D21}"
EndProject
Project("{FAE04EC0-301F-11D3-BF4B-00C04F79EFBC}") = "RestaurantRepository", "RestaturantRepository\RestaurantRepository.csproj", "{E62E7D2B-2555-4087-9EE3-1E0D27BF5A1A}"
EndProject
Project("{2150E333-8FDC-42A3-9474-1A3956D46DE8}") = "Customer", "Customer", "{DB1A036D-BBA3-4E9C-B5DB-5B0367A92905}"
EndProject
Project("{2150E333-8FDC-42A3-9474-1A3956D46DE8}") = "Order", "Order", "{FEC0B534-3E14-4070-B698-8D3E310EB41B}"
EndProject
Project("{9A19103F-16F7-4668-BE54-9A1E7A4F7556}") = "OrderAPI", "..\OrderAPI\OrderAPI\OrderAPI.csproj", "{E0142E50-70EA-4929-B735-A84A6425F7B5}"
EndProject
Project("{FAE04EC0-301F-11D3-BF4B-00C04F79EFBC}") = "OrderRepository", "..\OrderAPI\OrderRepository\OrderRepository\OrderRepository.csproj", "{D684321C-F0FB-4539-B3D0-C179B3BF5951}"
EndProject
Project("{2150E333-8FDC-42A3-9474-1A3956D46DE8}") = "Driver", "Driver", "{5EEE75BD-E4F6-4F46-89B6-E7DEC4AFA191}"
EndProject
Project("{9A19103F-16F7-4668-BE54-9A1E7A4F7556}") = "DriverAPI", "..\DriverAPI\DriverAPI\DriverAPI.csproj", "{F1A54E1F-19D3-4E9E-B808-290805ACFB00}"
EndProject
Project("{FAE04EC0-301F-11D3-BF4B-00C04F79EFBC}") = "DriverRepository", "..\DriverAPI\DriverRepository\DriverRepository.csproj", "{6ADF4BE8-A20F-4261-A752-A0CDA13B167B}"
EndProject
Project("{FAE04EC0-301F-11D3-BF4B-00C04F79EFBC}") = "CustomerRepository", "..\CustomerAPI\CustomerRepository\CustomerRepository\CustomerRepository.csproj", "{F5A5F88F-8DFB-4852-B66F-25426A9B9FD1}"
EndProject
Project("{2150E333-8FDC-42A3-9474-1A3956D46DE8}") = "Identity", "Identity", "{F28EA63C-4EC6-42F3-8458-D58C17F4DCFC}"
EndProject
Project("{9A19103F-16F7-4668-BE54-9A1E7A4F7556}") = "IdentityAPI", "..\IdentityAPI\IdentityAPI\IdentityAPI.csproj", "{696278D9-BAAE-4CC5-9BA7-30B265F3C42D}"
EndProject
Project("{9A19103F-16F7-4668-BE54-9A1E7A4F7556}") = "CustomerAPI", "..\CustomerAPI\CustomerAPI\CustomerAPI.csproj", "{58E1517A-29E0-4579-807C-B2F38A83E430}"
EndProject
Project("{2150E333-8FDC-42A3-9474-1A3956D46DE8}") = "Gateway", "Gateway", "{6247E907-9B4B-4570-8B3A-AF9AF195ABA2}"
EndProject
Project("{FAE04EC0-301F-11D3-BF4B-00C04F79EFBC}") = "APIGateway", "..\Gateway\APIGateway\APIGateway.csproj", "{2DD4B17F-BD49-474F-B778-1BFCFC5C4BC6}"
EndProject
Global
	GlobalSection(SolutionConfigurationPlatforms) = preSolution
		Debug|Any CPU = Debug|Any CPU
		Release|Any CPU = Release|Any CPU
	EndGlobalSection
	GlobalSection(ProjectConfigurationPlatforms) = postSolution
		{09AB8F99-A6E8-47A7-9C9C-295E70CA70EC}.Debug|Any CPU.ActiveCfg = Debug|Any CPU
		{09AB8F99-A6E8-47A7-9C9C-295E70CA70EC}.Debug|Any CPU.Build.0 = Debug|Any CPU
		{09AB8F99-A6E8-47A7-9C9C-295E70CA70EC}.Release|Any CPU.ActiveCfg = Release|Any CPU
		{09AB8F99-A6E8-47A7-9C9C-295E70CA70EC}.Release|Any CPU.Build.0 = Release|Any CPU
		{E62E7D2B-2555-4087-9EE3-1E0D27BF5A1A}.Debug|Any CPU.ActiveCfg = Debug|Any CPU
		{E62E7D2B-2555-4087-9EE3-1E0D27BF5A1A}.Debug|Any CPU.Build.0 = Debug|Any CPU
		{E62E7D2B-2555-4087-9EE3-1E0D27BF5A1A}.Release|Any CPU.ActiveCfg = Release|Any CPU
		{E62E7D2B-2555-4087-9EE3-1E0D27BF5A1A}.Release|Any CPU.Build.0 = Release|Any CPU
		{E0142E50-70EA-4929-B735-A84A6425F7B5}.Debug|Any CPU.ActiveCfg = Debug|Any CPU
		{E0142E50-70EA-4929-B735-A84A6425F7B5}.Debug|Any CPU.Build.0 = Debug|Any CPU
		{E0142E50-70EA-4929-B735-A84A6425F7B5}.Release|Any CPU.ActiveCfg = Release|Any CPU
		{E0142E50-70EA-4929-B735-A84A6425F7B5}.Release|Any CPU.Build.0 = Release|Any CPU
		{D684321C-F0FB-4539-B3D0-C179B3BF5951}.Debug|Any CPU.ActiveCfg = Debug|Any CPU
		{D684321C-F0FB-4539-B3D0-C179B3BF5951}.Debug|Any CPU.Build.0 = Debug|Any CPU
		{D684321C-F0FB-4539-B3D0-C179B3BF5951}.Release|Any CPU.ActiveCfg = Release|Any CPU
		{D684321C-F0FB-4539-B3D0-C179B3BF5951}.Release|Any CPU.Build.0 = Release|Any CPU
		{F1A54E1F-19D3-4E9E-B808-290805ACFB00}.Debug|Any CPU.ActiveCfg = Debug|Any CPU
		{F1A54E1F-19D3-4E9E-B808-290805ACFB00}.Debug|Any CPU.Build.0 = Debug|Any CPU
		{F1A54E1F-19D3-4E9E-B808-290805ACFB00}.Release|Any CPU.ActiveCfg = Release|Any CPU
		{F1A54E1F-19D3-4E9E-B808-290805ACFB00}.Release|Any CPU.Build.0 = Release|Any CPU
		{6ADF4BE8-A20F-4261-A752-A0CDA13B167B}.Debug|Any CPU.ActiveCfg = Debug|Any CPU
		{6ADF4BE8-A20F-4261-A752-A0CDA13B167B}.Debug|Any CPU.Build.0 = Debug|Any CPU
		{6ADF4BE8-A20F-4261-A752-A0CDA13B167B}.Release|Any CPU.ActiveCfg = Release|Any CPU
		{6ADF4BE8-A20F-4261-A752-A0CDA13B167B}.Release|Any CPU.Build.0 = Release|Any CPU
		{F5A5F88F-8DFB-4852-B66F-25426A9B9FD1}.Debug|Any CPU.ActiveCfg = Debug|Any CPU
		{F5A5F88F-8DFB-4852-B66F-25426A9B9FD1}.Debug|Any CPU.Build.0 = Debug|Any CPU
		{F5A5F88F-8DFB-4852-B66F-25426A9B9FD1}.Release|Any CPU.ActiveCfg = Release|Any CPU
		{F5A5F88F-8DFB-4852-B66F-25426A9B9FD1}.Release|Any CPU.Build.0 = Release|Any CPU
		{696278D9-BAAE-4CC5-9BA7-30B265F3C42D}.Debug|Any CPU.ActiveCfg = Debug|Any CPU
		{696278D9-BAAE-4CC5-9BA7-30B265F3C42D}.Debug|Any CPU.Build.0 = Debug|Any CPU
		{696278D9-BAAE-4CC5-9BA7-30B265F3C42D}.Release|Any CPU.ActiveCfg = Release|Any CPU
		{696278D9-BAAE-4CC5-9BA7-30B265F3C42D}.Release|Any CPU.Build.0 = Release|Any CPU
		{58E1517A-29E0-4579-807C-B2F38A83E430}.Debug|Any CPU.ActiveCfg = Debug|Any CPU
		{58E1517A-29E0-4579-807C-B2F38A83E430}.Debug|Any CPU.Build.0 = Debug|Any CPU
		{58E1517A-29E0-4579-807C-B2F38A83E430}.Release|Any CPU.ActiveCfg = Release|Any CPU
		{58E1517A-29E0-4579-807C-B2F38A83E430}.Release|Any CPU.Build.0 = Release|Any CPU
		{2DD4B17F-BD49-474F-B778-1BFCFC5C4BC6}.Debug|Any CPU.ActiveCfg = Debug|Any CPU
		{2DD4B17F-BD49-474F-B778-1BFCFC5C4BC6}.Debug|Any CPU.Build.0 = Debug|Any CPU
		{2DD4B17F-BD49-474F-B778-1BFCFC5C4BC6}.Release|Any CPU.ActiveCfg = Release|Any CPU
		{2DD4B17F-BD49-474F-B778-1BFCFC5C4BC6}.Release|Any CPU.Build.0 = Release|Any CPU
	EndGlobalSection
	GlobalSection(SolutionProperties) = preSolution
		HideSolutionNode = FALSE
	EndGlobalSection
	GlobalSection(NestedProjects) = preSolution
		{09AB8F99-A6E8-47A7-9C9C-295E70CA70EC} = {C0941FE3-FC24-4F4A-9DAD-D0734FA78D21}
		{C0941FE3-FC24-4F4A-9DAD-D0734FA78D21} = {9BB4DEDD-9DF9-4DC6-9B7D-CD33D6606C36}
		{E62E7D2B-2555-4087-9EE3-1E0D27BF5A1A} = {C0941FE3-FC24-4F4A-9DAD-D0734FA78D21}
		{DB1A036D-BBA3-4E9C-B5DB-5B0367A92905} = {9BB4DEDD-9DF9-4DC6-9B7D-CD33D6606C36}
		{FEC0B534-3E14-4070-B698-8D3E310EB41B} = {9BB4DEDD-9DF9-4DC6-9B7D-CD33D6606C36}
		{E0142E50-70EA-4929-B735-A84A6425F7B5} = {FEC0B534-3E14-4070-B698-8D3E310EB41B}
		{D684321C-F0FB-4539-B3D0-C179B3BF5951} = {FEC0B534-3E14-4070-B698-8D3E310EB41B}
		{5EEE75BD-E4F6-4F46-89B6-E7DEC4AFA191} = {9BB4DEDD-9DF9-4DC6-9B7D-CD33D6606C36}
		{F1A54E1F-19D3-4E9E-B808-290805ACFB00} = {5EEE75BD-E4F6-4F46-89B6-E7DEC4AFA191}
		{6ADF4BE8-A20F-4261-A752-A0CDA13B167B} = {5EEE75BD-E4F6-4F46-89B6-E7DEC4AFA191}
		{F5A5F88F-8DFB-4852-B66F-25426A9B9FD1} = {DB1A036D-BBA3-4E9C-B5DB-5B0367A92905}
		{F28EA63C-4EC6-42F3-8458-D58C17F4DCFC} = {9BB4DEDD-9DF9-4DC6-9B7D-CD33D6606C36}
		{696278D9-BAAE-4CC5-9BA7-30B265F3C42D} = {F28EA63C-4EC6-42F3-8458-D58C17F4DCFC}
		{58E1517A-29E0-4579-807C-B2F38A83E430} = {DB1A036D-BBA3-4E9C-B5DB-5B0367A92905}
		{6247E907-9B4B-4570-8B3A-AF9AF195ABA2} = {9BB4DEDD-9DF9-4DC6-9B7D-CD33D6606C36}
		{2DD4B17F-BD49-474F-B778-1BFCFC5C4BC6} = {6247E907-9B4B-4570-8B3A-AF9AF195ABA2}
	EndGlobalSection
	GlobalSection(ExtensibilityGlobals) = postSolution
		SolutionGuid = {6D1AF05A-DA37-4711-AB4F-854449D2F2FD}
	EndGlobalSection
EndGlobal
